{
  "name": "mca-buffer",
  "version": "1.0.0",
  "lockfileVersion": 3,
  "requires": true,
  "packages": {
    "": {
      "name": "mca-buffer",
      "version": "1.0.0",
      "dependencies": {
        "nbtify": "^1.12.0"
      },
      "devDependencies": {
        "@types/node": "^18.11.18"
      }
    },
    "node_modules/@types/node": {
      "version": "18.11.18",
      "resolved": "https://registry.npmjs.org/@types/node/-/node-18.11.18.tgz",
      "integrity": "sha512-DHQpWGjyQKSHj3ebjFI/wRKcqQcdR+MoFBygntYOZytCqNfkd2ZC4ARDJ2DQqhjH5p85Nnd3jhUJIXrszFX/JA==",
      "dev": true
    },
    "node_modules/nbtify": {
      "version": "1.12.0",
      "resolved": "https://registry.npmjs.org/nbtify/-/nbtify-1.12.0.tgz",
      "integrity": "sha512-tqjH02O/JWaH2MO6Ccm+crQq5zZqciosM8ukxDb/GEbd6ZJOnA5mSDj8FkjUy5q2BV7h+wBweuwwQ2seZBol1A=="
    }
  }
}
