{
  "name": "mca-buffer",
  "version": "1.1.0",
  "lockfileVersion": 3,
  "requires": true,
  "packages": {
    "": {
      "name": "mca-buffer",
      "version": "1.1.0",
      "dependencies": {
        "nbtify": "^1.20.1"
      },
      "devDependencies": {
        "@types/node": "^20.2.0",
        "typescript": "^5.0.4"
      }
    },
    "node_modules/@types/node": {
      "version": "20.2.0",
      "resolved": "https://registry.npmjs.org/@types/node/-/node-20.2.0.tgz",
      "integrity": "sha512-3iD2jaCCziTx04uudpJKwe39QxXgSUnpxXSvRQjRvHPxFQfmfP4NXIm/NURVeNlTCc+ru4WqjYGTmpXrW9uMlw==",
      "dev": true
    },
    "node_modules/nbtify": {
      "version": "1.20.1",
      "resolved": "https://registry.npmjs.org/nbtify/-/nbtify-1.20.1.tgz",
      "integrity": "sha512-Rgcf1TmsmImhwhdJsAzIBZcc+DmUlkBx7yQVa5LFJRGR1Ra6q0LI/oJqdKlra21Unpw552SbkjFc0GxM0RU5VQ=="
    },
    "node_modules/typescript": {
      "version": "5.0.4",
      "resolved": "https://registry.npmjs.org/typescript/-/typescript-5.0.4.tgz",
      "integrity": "sha512-cW9T5W9xY37cc+jfEnaUvX91foxtHkza3Nw3wkoF4sSlKn0MONdkdEndig/qPBWXNkmplh3NzayQzCiHM4/hqw==",
      "dev": true,
      "bin": {
        "tsc": "bin/tsc",
        "tsserver": "bin/tsserver"
      },
      "engines": {
        "node": ">=12.20"
      }
    }
  }
}
